
Microsoft Visual Studio Solution File, Format Version 12.00
# Visual Studio Version 17
VisualStudioVersion = 17.11.35219.272
MinimumVisualStudioVersion = 10.0.40219.1
Project("{FAE04EC0-301F-11D3-BF4B-00C04F79EFBC}") = "practica1", "practica1\practica1.csproj", "{71F31E35-AE31-45F1-8D3A-5B89AFB4A85E}"
EndProject
Global
	GlobalSection(SolutionConfigurationPlatforms) = preSolution
		Debug|Any CPU = Debug|Any CPU
		Release|Any CPU = Release|Any CPU
	EndGlobalSection
	GlobalSection(ProjectConfigurationPlatforms) = postSolution
		{71F31E35-AE31-45F1-8D3A-5B89AFB4A85E}.Debug|Any CPU.ActiveCfg = Debug|Any CPU
		{71F31E35-AE31-45F1-8D3A-5B89AFB4A85E}.Debug|Any CPU.Build.0 = Debug|Any CPU
		{71F31E35-AE31-45F1-8D3A-5B89AFB4A85E}.Release|Any CPU.ActiveCfg = Release|Any CPU
		{71F31E35-AE31-45F1-8D3A-5B89AFB4A85E}.Release|Any CPU.Build.0 = Release|Any CPU
	EndGlobalSection
	GlobalSection(SolutionProperties) = preSolution
		HideSolutionNode = FALSE
	EndGlobalSection
	GlobalSection(ExtensibilityGlobals) = postSolution
		SolutionGuid = {254B64A5-587E-4EFC-81D5-AC62CBA96636}
	EndGlobalSection
EndGlobal
